
Microsoft Visual Studio Solution File, Format Version 12.00
# Visual Studio Version 17
VisualStudioVersion = 17.14.36025.13 d17.14
MinimumVisualStudioVersion = 10.0.40219.1
Project("{D2ABAB84-BF74-430A-B69E-9DC6D40DDA17}") = "DWBI_SSAS", "DWBI_SSAS.dwproj", "{108D9F85-7421-0FA1-3F06-0F5A72377A9F}"
EndProject
Global
	GlobalSection(SolutionConfigurationPlatforms) = preSolution
		Development|Default = Development|Default
	EndGlobalSection
	GlobalSection(ProjectConfigurationPlatforms) = postSolution
		{108D9F85-7421-0FA1-3F06-0F5A72377A9F}.Development|Default.ActiveCfg = Development
		{108D9F85-7421-0FA1-3F06-0F5A72377A9F}.Development|Default.Build.0 = Development
		{108D9F85-7421-0FA1-3F06-0F5A72377A9F}.Development|Default.Deploy.0 = Development
	EndGlobalSection
	GlobalSection(SolutionProperties) = preSolution
		HideSolutionNode = FALSE
	EndGlobalSection
	GlobalSection(ExtensibilityGlobals) = postSolution
		SolutionGuid = {3C9FC4E9-9149-4E7A-B9E9-B46A888D1FD1}
	EndGlobalSection
EndGlobal
